
Microsoft Visual Studio Solution File, Format Version 12.00
# Visual Studio Version 16
VisualStudioVersion = 16.0.29613.14
MinimumVisualStudioVersion = 10.0.40219.1
Project("{8BC9CEB8-8B4A-11D0-8D11-00A0C91BC942}") = "달팽이는 올라가고 싶다", "달팽이는 올라가고 싶다\달팽이는 올라가고 싶다.vcxproj", "{D274C9D0-DD5F-4CE5-816F-882C5B8E106B}"
EndProject
Global
	GlobalSection(SolutionConfigurationPlatforms) = preSolution
		Debug|x64 = Debug|x64
		Debug|x86 = Debug|x86
		Release|x64 = Release|x64
		Release|x86 = Release|x86
	EndGlobalSection
	GlobalSection(ProjectConfigurationPlatforms) = postSolution
		{D274C9D0-DD5F-4CE5-816F-882C5B8E106B}.Debug|x64.ActiveCfg = Debug|x64
		{D274C9D0-DD5F-4CE5-816F-882C5B8E106B}.Debug|x64.Build.0 = Debug|x64
		{D274C9D0-DD5F-4CE5-816F-882C5B8E106B}.Debug|x86.ActiveCfg = Debug|Win32
		{D274C9D0-DD5F-4CE5-816F-882C5B8E106B}.Debug|x86.Build.0 = Debug|Win32
		{D274C9D0-DD5F-4CE5-816F-882C5B8E106B}.Release|x64.ActiveCfg = Release|x64
		{D274C9D0-DD5F-4CE5-816F-882C5B8E106B}.Release|x64.Build.0 = Release|x64
		{D274C9D0-DD5F-4CE5-816F-882C5B8E106B}.Release|x86.ActiveCfg = Release|Win32
		{D274C9D0-DD5F-4CE5-816F-882C5B8E106B}.Release|x86.Build.0 = Release|Win32
	EndGlobalSection
	GlobalSection(SolutionProperties) = preSolution
		HideSolutionNode = FALSE
	EndGlobalSection
	GlobalSection(ExtensibilityGlobals) = postSolution
		SolutionGuid = {91122589-CBF8-445E-A8D7-AA97F03B1293}
	EndGlobalSection
EndGlobal
